// !$*UTF8*$!
{
 archiveVersion = 1;
 classes = {};
 objectVersion = 54;
 objects = {
	/* Begin PBXBuildFile section */
		1498D2341E8E89220040F4C2 /* GeneratedPluginRegistrant.m in Sources */ = {isa = PBXBuildFile; fileRef = 1498D2331E8E89220040F4C2 /* GeneratedPluginRegistrant.m */; };
		331C808B294A63AB00263BE5 /* RunnerTests.swift in Sources */ = {isa = PBXBuildFile; fileRef = 331C807B294A618700263BE5 /* RunnerTests.swift */; };
		3B3967161E833CAA004F5970 /* AppFrameworkInfo.plist in Resources */ = {isa = PBXBuildFile; fileRef = 3B3967151E8E86230040F4C2 /* AppFrameworkInfo.plist */; };
	};
	/* Existing project file retained; bundle identifier changes are applied below. */
 }